
Microsoft Visual Studio Solution File, Format Version 12.00
# Visual Studio Version 17
VisualStudioVersion = 17.12.35521.163
MinimumVisualStudioVersion = 10.0.40219.1
Project("{FAE04EC0-301F-11D3-BF4B-00C04F79EFBC}") = "RabbitMQ_Producer", "RabbitMQ_Producer\RabbitMQ_Producer.csproj", "{BFDE8507-401F-4500-A175-FED24BFF46EE}"
EndProject
Project("{FAE04EC0-301F-11D3-BF4B-00C04F79EFBC}") = "RabbitMQ_Consumer", "RabbitMQ_Consumer\RabbitMQ_Consumer.csproj", "{EA1F1F2D-4BCC-4298-BA5C-54BEC15D21FE}"
EndProject
Project("{FAE04EC0-301F-11D3-BF4B-00C04F79EFBC}") = "SharedLibrary", "SharedLibrary\SharedLibrary.csproj", "{DD68FC26-EBE2-4D9C-8D1B-976D297B5ED3}"
EndProject
Global
	GlobalSection(SolutionConfigurationPlatforms) = preSolution
		Debug|Any CPU = Debug|Any CPU
		Release|Any CPU = Release|Any CPU
	EndGlobalSection
	GlobalSection(ProjectConfigurationPlatforms) = postSolution
		{BFDE8507-401F-4500-A175-FED24BFF46EE}.Debug|Any CPU.ActiveCfg = Debug|Any CPU
		{BFDE8507-401F-4500-A175-FED24BFF46EE}.Debug|Any CPU.Build.0 = Debug|Any CPU
		{BFDE8507-401F-4500-A175-FED24BFF46EE}.Release|Any CPU.ActiveCfg = Release|Any CPU
		{BFDE8507-401F-4500-A175-FED24BFF46EE}.Release|Any CPU.Build.0 = Release|Any CPU
		{EA1F1F2D-4BCC-4298-BA5C-54BEC15D21FE}.Debug|Any CPU.ActiveCfg = Debug|Any CPU
		{EA1F1F2D-4BCC-4298-BA5C-54BEC15D21FE}.Debug|Any CPU.Build.0 = Debug|Any CPU
		{EA1F1F2D-4BCC-4298-BA5C-54BEC15D21FE}.Release|Any CPU.ActiveCfg = Release|Any CPU
		{EA1F1F2D-4BCC-4298-BA5C-54BEC15D21FE}.Release|Any CPU.Build.0 = Release|Any CPU
		{DD68FC26-EBE2-4D9C-8D1B-976D297B5ED3}.Debug|Any CPU.ActiveCfg = Debug|Any CPU
		{DD68FC26-EBE2-4D9C-8D1B-976D297B5ED3}.Debug|Any CPU.Build.0 = Debug|Any CPU
		{DD68FC26-EBE2-4D9C-8D1B-976D297B5ED3}.Release|Any CPU.ActiveCfg = Release|Any CPU
		{DD68FC26-EBE2-4D9C-8D1B-976D297B5ED3}.Release|Any CPU.Build.0 = Release|Any CPU
	EndGlobalSection
	GlobalSection(SolutionProperties) = preSolution
		HideSolutionNode = FALSE
	EndGlobalSection
EndGlobal
